
Microsoft Visual Studio Solution File, Format Version 12.00
# Visual Studio Version 17
VisualStudioVersion = 17.9.34616.47
MinimumVisualStudioVersion = 10.0.40219.1
Project("{FAE04EC0-301F-11D3-BF4B-00C04F79EFBC}") = "ViscaControllerPtz", "ViscaControllerPtz\ViscaControllerPtz.csproj", "{C0B27CF7-60B5-4286-8B87-4F26A459AC8A}"
EndProject
Global
	GlobalSection(SolutionConfigurationPlatforms) = preSolution
		Debug|Any CPU = Debug|Any CPU
		Release|Any CPU = Release|Any CPU
	EndGlobalSection
	GlobalSection(ProjectConfigurationPlatforms) = postSolution
		{C0B27CF7-60B5-4286-8B87-4F26A459AC8A}.Debug|Any CPU.ActiveCfg = Debug|Any CPU
		{C0B27CF7-60B5-4286-8B87-4F26A459AC8A}.Debug|Any CPU.Build.0 = Debug|Any CPU
		{C0B27CF7-60B5-4286-8B87-4F26A459AC8A}.Release|Any CPU.ActiveCfg = Release|Any CPU
		{C0B27CF7-60B5-4286-8B87-4F26A459AC8A}.Release|Any CPU.Build.0 = Release|Any CPU
	EndGlobalSection
	GlobalSection(SolutionProperties) = preSolution
		HideSolutionNode = FALSE
	EndGlobalSection
	GlobalSection(ExtensibilityGlobals) = postSolution
		SolutionGuid = {F53C5878-9250-4E78-A66D-E9035DAD5D5D}
	EndGlobalSection
EndGlobal
